
Microsoft Visual Studio Solution File, Format Version 12.00
# Visual Studio Version 17
VisualStudioVersion = 17.11.35219.272
MinimumVisualStudioVersion = 10.0.40219.1
Project("{FAE04EC0-301F-11D3-BF4B-00C04F79EFBC}") = "ParImpar", "ParImpar.csproj", "{0CA386C5-3E77-4AD2-B5D6-EA3D3FACA5EC}"
EndProject
Global
	GlobalSection(SolutionConfigurationPlatforms) = preSolution
		Debug|Any CPU = Debug|Any CPU
		Release|Any CPU = Release|Any CPU
	EndGlobalSection
	GlobalSection(ProjectConfigurationPlatforms) = postSolution
		{0CA386C5-3E77-4AD2-B5D6-EA3D3FACA5EC}.Debug|Any CPU.ActiveCfg = Debug|Any CPU
		{0CA386C5-3E77-4AD2-B5D6-EA3D3FACA5EC}.Debug|Any CPU.Build.0 = Debug|Any CPU
		{0CA386C5-3E77-4AD2-B5D6-EA3D3FACA5EC}.Release|Any CPU.ActiveCfg = Release|Any CPU
		{0CA386C5-3E77-4AD2-B5D6-EA3D3FACA5EC}.Release|Any CPU.Build.0 = Release|Any CPU
	EndGlobalSection
	GlobalSection(SolutionProperties) = preSolution
		HideSolutionNode = FALSE
	EndGlobalSection
	GlobalSection(ExtensibilityGlobals) = postSolution
		SolutionGuid = {9DAB6276-6AFE-4A70-821B-1BBEE143495E}
	EndGlobalSection
EndGlobal
